
Microsoft Visual Studio Solution File, Format Version 12.00
# Visual Studio Version 17
VisualStudioVersion = 17.4.33103.184
MinimumVisualStudioVersion = 10.0.40219.1
Project("{2150E333-8FDC-42A3-9474-1A3956D46DE8}") = "Services", "Services", "{7E8B93B4-448E-41B0-B8D4-AA23350063F6}"
EndProject
Project("{2150E333-8FDC-42A3-9474-1A3956D46DE8}") = "Catalog", "Catalog", "{AFC5FCAE-81FC-4DFF-8464-F6CD32E1ED34}"
EndProject
Project("{FAE04EC0-301F-11D3-BF4B-00C04F79EFBC}") = "Course.Services.Catalog", "Services\Catalog\Course.Services.Catalog\Course.Services.Catalog.csproj", "{53A9B29C-889E-471F-872A-BA7A60CFE38D}"
EndProject
Project("{2150E333-8FDC-42A3-9474-1A3956D46DE8}") = "Solution Items", "Solution Items", "{4B5F907F-B278-4D10-9075-031BD76370FB}"
	ProjectSection(SolutionItems) = preProject
		Ports.txt = Ports.txt
	EndProjectSection
EndProject
Project("{2150E333-8FDC-42A3-9474-1A3956D46DE8}") = "Shared", "Shared", "{C8DB0A27-B09E-4246-B484-241A5628F8CA}"
EndProject
Project("{FAE04EC0-301F-11D3-BF4B-00C04F79EFBC}") = "Course.Shared", "Shared\Course.Shared\Course.Shared.csproj", "{80A8D9C9-446B-41A2-9C4D-956B17C8FC8D}"
EndProject
Global
	GlobalSection(SolutionConfigurationPlatforms) = preSolution
		Debug|Any CPU = Debug|Any CPU
		Release|Any CPU = Release|Any CPU
	EndGlobalSection
	GlobalSection(ProjectConfigurationPlatforms) = postSolution
		{53A9B29C-889E-471F-872A-BA7A60CFE38D}.Debug|Any CPU.ActiveCfg = Debug|Any CPU
		{53A9B29C-889E-471F-872A-BA7A60CFE38D}.Debug|Any CPU.Build.0 = Debug|Any CPU
		{53A9B29C-889E-471F-872A-BA7A60CFE38D}.Release|Any CPU.ActiveCfg = Release|Any CPU
		{53A9B29C-889E-471F-872A-BA7A60CFE38D}.Release|Any CPU.Build.0 = Release|Any CPU
		{80A8D9C9-446B-41A2-9C4D-956B17C8FC8D}.Debug|Any CPU.ActiveCfg = Debug|Any CPU
		{80A8D9C9-446B-41A2-9C4D-956B17C8FC8D}.Debug|Any CPU.Build.0 = Debug|Any CPU
		{80A8D9C9-446B-41A2-9C4D-956B17C8FC8D}.Release|Any CPU.ActiveCfg = Release|Any CPU
		{80A8D9C9-446B-41A2-9C4D-956B17C8FC8D}.Release|Any CPU.Build.0 = Release|Any CPU
	EndGlobalSection
	GlobalSection(SolutionProperties) = preSolution
		HideSolutionNode = FALSE
	EndGlobalSection
	GlobalSection(NestedProjects) = preSolution
		{AFC5FCAE-81FC-4DFF-8464-F6CD32E1ED34} = {7E8B93B4-448E-41B0-B8D4-AA23350063F6}
		{53A9B29C-889E-471F-872A-BA7A60CFE38D} = {AFC5FCAE-81FC-4DFF-8464-F6CD32E1ED34}
		{80A8D9C9-446B-41A2-9C4D-956B17C8FC8D} = {C8DB0A27-B09E-4246-B484-241A5628F8CA}
	EndGlobalSection
	GlobalSection(ExtensibilityGlobals) = postSolution
		SolutionGuid = {9AAF5108-DB73-4E6B-97A4-C99CE1FACC12}
	EndGlobalSection
EndGlobal
