
Microsoft Visual Studio Solution File, Format Version 12.00
# Visual Studio Version 17
VisualStudioVersion = 17.9.34902.65
MinimumVisualStudioVersion = 10.0.40219.1
Project("{2150E333-8FDC-42A3-9474-1A3956D46DE8}") = "Services", "Services", "{CD17F405-AE91-4140-A889-C89D56AAFAB0}"
EndProject
Project("{2150E333-8FDC-42A3-9474-1A3956D46DE8}") = "Catalog", "Catalog", "{7FECC715-FDB9-4D3C-9656-3B6B7A312CA8}"
EndProject
Project("{9A19103F-16F7-4668-BE54-9A1E7A4F7556}") = "CourseMicroservices.Catalog", "Services\Catalog\CourseMicroservices.Catalog\CourseMicroservices.Catalog.csproj", "{0C06166F-E1BF-43F6-AE84-1917BEE3519F}"
EndProject
Project("{2150E333-8FDC-42A3-9474-1A3956D46DE8}") = "Solution Items", "Solution Items", "{DCC72986-E655-4F65-9B11-ECDDD0E3F09E}"
	ProjectSection(SolutionItems) = preProject
		docker-override.txt = docker-override.txt
		docker.txt = docker.txt
		Ports.txt = Ports.txt
	EndProjectSection
EndProject
Project("{2150E333-8FDC-42A3-9474-1A3956D46DE8}") = "Shared", "Shared", "{2A6E48E5-6BF6-4873-8720-3A3BA64A7F2D}"
EndProject
Project("{9A19103F-16F7-4668-BE54-9A1E7A4F7556}") = "Course.Shared", "Shared\Course.Shared\Course.Shared.csproj", "{3EAF828B-87B9-4229-8E6C-4B57A8A3E922}"
EndProject
Project("{2150E333-8FDC-42A3-9474-1A3956D46DE8}") = "IdentityServer", "IdentityServer", "{724DA5B1-B026-4959-B557-23358ED8B0C4}"
EndProject
Project("{9A19103F-16F7-4668-BE54-9A1E7A4F7556}") = "Course.IdentityServer", "IdentityServer\CourseMicroservices.IdentityServer\Course.IdentityServer.csproj", "{F1F99E5C-8210-4B37-B531-784B52A25834}"
EndProject
Project("{2150E333-8FDC-42A3-9474-1A3956D46DE8}") = "PhotoStock", "PhotoStock", "{09B9234F-008F-4727-9F18-19D1287AD7D3}"
EndProject
Project("{9A19103F-16F7-4668-BE54-9A1E7A4F7556}") = "CourseMicroservices.PhotoStock", "Services\PhotoStock\CourseMicroservices.PhotoStock\CourseMicroservices.PhotoStock.csproj", "{EDF76A49-9D60-48C9-9C5E-5BB88026A7A9}"
EndProject
Project("{2150E333-8FDC-42A3-9474-1A3956D46DE8}") = "Basket", "Basket", "{6F18ADF9-A1AF-450F-B9AA-16E9BA7F8E7A}"
EndProject
Project("{9A19103F-16F7-4668-BE54-9A1E7A4F7556}") = "CourseMicroservices.Basket", "Services\Basket\CourseMicroservices.Basket\CourseMicroservices.Basket.csproj", "{CEB92368-541C-4B3B-AE94-B7ABF1386588}"
EndProject
Project("{2150E333-8FDC-42A3-9474-1A3956D46DE8}") = "Discount", "Discount", "{1456B6DE-AE3E-48A4-BD4E-2DA44FFEB60D}"
EndProject
Project("{9A19103F-16F7-4668-BE54-9A1E7A4F7556}") = "CourseMicroservices.Discount", "Services\Discount\CourseMicroservices.Discount\CourseMicroservices.Discount.csproj", "{828238E4-2F32-4A04-9C6B-646649532C91}"
EndProject
Project("{2150E333-8FDC-42A3-9474-1A3956D46DE8}") = "Order", "Order", "{75EE1061-37B3-4ABB-A7EB-CD070D1FC6FA}"
EndProject
Project("{9A19103F-16F7-4668-BE54-9A1E7A4F7556}") = "CourseMicroservices.Order.API", "Services\Order\CourseMicroservices.Order.API\CourseMicroservices.Order.API.csproj", "{92E8E965-6780-41F4-9AFD-D99E5893B36C}"
EndProject
Project("{9A19103F-16F7-4668-BE54-9A1E7A4F7556}") = "CourseMicroservices.Order.Application", "Services\Order\CourseMicroservices.Order.Application\CourseMicroservices.Order.Application.csproj", "{C3F80AF4-E036-47CE-A720-6B001AE4BBFA}"
EndProject
Project("{9A19103F-16F7-4668-BE54-9A1E7A4F7556}") = "CourseMicroservices.Order.Domain", "Services\Order\CourseMicroservices.Order.Domain\CourseMicroservices.Order.Domain.csproj", "{206C0D7E-A852-4445-BA71-A46271BA190E}"
EndProject
Project("{9A19103F-16F7-4668-BE54-9A1E7A4F7556}") = "CourseMicroservices.Order.Domain.Core", "Services\Order\CourseMicroservices.Order.Domain.Core\CourseMicroservices.Order.Domain.Core.csproj", "{0BA478D8-DDC5-4E6C-B284-5D6E9D6E3E94}"
EndProject
Project("{9A19103F-16F7-4668-BE54-9A1E7A4F7556}") = "CourseMicroservices.Order.Infastructure", "Services\Order\CourseMicroservices.Order.Infastructure\CourseMicroservices.Order.Infastructure.csproj", "{EF4A57F7-855A-4222-A7A9-14FCC4365C25}"
EndProject
Project("{2150E333-8FDC-42A3-9474-1A3956D46DE8}") = "FakePayment", "FakePayment", "{FED60762-EE41-407E-96A5-6A1B8D548BE9}"
EndProject
Project("{9A19103F-16F7-4668-BE54-9A1E7A4F7556}") = "CourseMicroservices.FakePayment", "Services\FakePayment\CourseMicroservices.FakePayment\CourseMicroservices.FakePayment.csproj", "{ED76CBB4-0A50-43AE-B27F-186351230553}"
EndProject
Project("{2150E333-8FDC-42A3-9474-1A3956D46DE8}") = "Gateways", "Gateways", "{79F758D1-E7A6-409E-AAF3-FACB1A71452B}"
EndProject
Project("{9A19103F-16F7-4668-BE54-9A1E7A4F7556}") = "Course.Gateway", "Gateways\Course.Gateway\Course.Gateway.csproj", "{3BB14E6B-53B7-491E-904E-8C76C0388F97}"
EndProject
Project("{2150E333-8FDC-42A3-9474-1A3956D46DE8}") = "FrontEnds", "FrontEnds", "{7DDAFF92-5631-417D-9607-0A94FD8804DA}"
EndProject
Project("{9A19103F-16F7-4668-BE54-9A1E7A4F7556}") = "Course.Web", "FrontEnds\Course.Web\Course.Web.csproj", "{8E597D2D-72E7-4CA0-8C75-9D1572585884}"
EndProject
Global
	GlobalSection(SolutionConfigurationPlatforms) = preSolution
		Debug|Any CPU = Debug|Any CPU
		Release|Any CPU = Release|Any CPU
	EndGlobalSection
	GlobalSection(ProjectConfigurationPlatforms) = postSolution
		{0C06166F-E1BF-43F6-AE84-1917BEE3519F}.Debug|Any CPU.ActiveCfg = Debug|Any CPU
		{0C06166F-E1BF-43F6-AE84-1917BEE3519F}.Debug|Any CPU.Build.0 = Debug|Any CPU
		{0C06166F-E1BF-43F6-AE84-1917BEE3519F}.Release|Any CPU.ActiveCfg = Release|Any CPU
		{0C06166F-E1BF-43F6-AE84-1917BEE3519F}.Release|Any CPU.Build.0 = Release|Any CPU
		{3EAF828B-87B9-4229-8E6C-4B57A8A3E922}.Debug|Any CPU.ActiveCfg = Debug|Any CPU
		{3EAF828B-87B9-4229-8E6C-4B57A8A3E922}.Debug|Any CPU.Build.0 = Debug|Any CPU
		{3EAF828B-87B9-4229-8E6C-4B57A8A3E922}.Release|Any CPU.ActiveCfg = Release|Any CPU
		{3EAF828B-87B9-4229-8E6C-4B57A8A3E922}.Release|Any CPU.Build.0 = Release|Any CPU
		{F1F99E5C-8210-4B37-B531-784B52A25834}.Debug|Any CPU.ActiveCfg = Debug|Any CPU
		{F1F99E5C-8210-4B37-B531-784B52A25834}.Debug|Any CPU.Build.0 = Debug|Any CPU
		{F1F99E5C-8210-4B37-B531-784B52A25834}.Release|Any CPU.ActiveCfg = Release|Any CPU
		{F1F99E5C-8210-4B37-B531-784B52A25834}.Release|Any CPU.Build.0 = Release|Any CPU
		{EDF76A49-9D60-48C9-9C5E-5BB88026A7A9}.Debug|Any CPU.ActiveCfg = Debug|Any CPU
		{EDF76A49-9D60-48C9-9C5E-5BB88026A7A9}.Debug|Any CPU.Build.0 = Debug|Any CPU
		{EDF76A49-9D60-48C9-9C5E-5BB88026A7A9}.Release|Any CPU.ActiveCfg = Release|Any CPU
		{EDF76A49-9D60-48C9-9C5E-5BB88026A7A9}.Release|Any CPU.Build.0 = Release|Any CPU
		{CEB92368-541C-4B3B-AE94-B7ABF1386588}.Debug|Any CPU.ActiveCfg = Debug|Any CPU
		{CEB92368-541C-4B3B-AE94-B7ABF1386588}.Debug|Any CPU.Build.0 = Debug|Any CPU
		{CEB92368-541C-4B3B-AE94-B7ABF1386588}.Release|Any CPU.ActiveCfg = Release|Any CPU
		{CEB92368-541C-4B3B-AE94-B7ABF1386588}.Release|Any CPU.Build.0 = Release|Any CPU
		{828238E4-2F32-4A04-9C6B-646649532C91}.Debug|Any CPU.ActiveCfg = Debug|Any CPU
		{828238E4-2F32-4A04-9C6B-646649532C91}.Debug|Any CPU.Build.0 = Debug|Any CPU
		{828238E4-2F32-4A04-9C6B-646649532C91}.Release|Any CPU.ActiveCfg = Release|Any CPU
		{828238E4-2F32-4A04-9C6B-646649532C91}.Release|Any CPU.Build.0 = Release|Any CPU
		{92E8E965-6780-41F4-9AFD-D99E5893B36C}.Debug|Any CPU.ActiveCfg = Debug|Any CPU
		{92E8E965-6780-41F4-9AFD-D99E5893B36C}.Debug|Any CPU.Build.0 = Debug|Any CPU
		{92E8E965-6780-41F4-9AFD-D99E5893B36C}.Release|Any CPU.ActiveCfg = Release|Any CPU
		{92E8E965-6780-41F4-9AFD-D99E5893B36C}.Release|Any CPU.Build.0 = Release|Any CPU
		{C3F80AF4-E036-47CE-A720-6B001AE4BBFA}.Debug|Any CPU.ActiveCfg = Debug|Any CPU
		{C3F80AF4-E036-47CE-A720-6B001AE4BBFA}.Debug|Any CPU.Build.0 = Debug|Any CPU
		{C3F80AF4-E036-47CE-A720-6B001AE4BBFA}.Release|Any CPU.ActiveCfg = Release|Any CPU
		{C3F80AF4-E036-47CE-A720-6B001AE4BBFA}.Release|Any CPU.Build.0 = Release|Any CPU
		{206C0D7E-A852-4445-BA71-A46271BA190E}.Debug|Any CPU.ActiveCfg = Debug|Any CPU
		{206C0D7E-A852-4445-BA71-A46271BA190E}.Debug|Any CPU.Build.0 = Debug|Any CPU
		{206C0D7E-A852-4445-BA71-A46271BA190E}.Release|Any CPU.ActiveCfg = Release|Any CPU
		{206C0D7E-A852-4445-BA71-A46271BA190E}.Release|Any CPU.Build.0 = Release|Any CPU
		{0BA478D8-DDC5-4E6C-B284-5D6E9D6E3E94}.Debug|Any CPU.ActiveCfg = Debug|Any CPU
		{0BA478D8-DDC5-4E6C-B284-5D6E9D6E3E94}.Debug|Any CPU.Build.0 = Debug|Any CPU
		{0BA478D8-DDC5-4E6C-B284-5D6E9D6E3E94}.Release|Any CPU.ActiveCfg = Release|Any CPU
		{0BA478D8-DDC5-4E6C-B284-5D6E9D6E3E94}.Release|Any CPU.Build.0 = Release|Any CPU
		{EF4A57F7-855A-4222-A7A9-14FCC4365C25}.Debug|Any CPU.ActiveCfg = Debug|Any CPU
		{EF4A57F7-855A-4222-A7A9-14FCC4365C25}.Debug|Any CPU.Build.0 = Debug|Any CPU
		{EF4A57F7-855A-4222-A7A9-14FCC4365C25}.Release|Any CPU.ActiveCfg = Release|Any CPU
		{EF4A57F7-855A-4222-A7A9-14FCC4365C25}.Release|Any CPU.Build.0 = Release|Any CPU
		{ED76CBB4-0A50-43AE-B27F-186351230553}.Debug|Any CPU.ActiveCfg = Debug|Any CPU
		{ED76CBB4-0A50-43AE-B27F-186351230553}.Debug|Any CPU.Build.0 = Debug|Any CPU
		{ED76CBB4-0A50-43AE-B27F-186351230553}.Release|Any CPU.ActiveCfg = Release|Any CPU
		{ED76CBB4-0A50-43AE-B27F-186351230553}.Release|Any CPU.Build.0 = Release|Any CPU
		{3BB14E6B-53B7-491E-904E-8C76C0388F97}.Debug|Any CPU.ActiveCfg = Debug|Any CPU
		{3BB14E6B-53B7-491E-904E-8C76C0388F97}.Debug|Any CPU.Build.0 = Debug|Any CPU
		{3BB14E6B-53B7-491E-904E-8C76C0388F97}.Release|Any CPU.ActiveCfg = Release|Any CPU
		{3BB14E6B-53B7-491E-904E-8C76C0388F97}.Release|Any CPU.Build.0 = Release|Any CPU
		{8E597D2D-72E7-4CA0-8C75-9D1572585884}.Debug|Any CPU.ActiveCfg = Debug|Any CPU
		{8E597D2D-72E7-4CA0-8C75-9D1572585884}.Debug|Any CPU.Build.0 = Debug|Any CPU
		{8E597D2D-72E7-4CA0-8C75-9D1572585884}.Release|Any CPU.ActiveCfg = Release|Any CPU
		{8E597D2D-72E7-4CA0-8C75-9D1572585884}.Release|Any CPU.Build.0 = Release|Any CPU
	EndGlobalSection
	GlobalSection(SolutionProperties) = preSolution
		HideSolutionNode = FALSE
	EndGlobalSection
	GlobalSection(NestedProjects) = preSolution
		{7FECC715-FDB9-4D3C-9656-3B6B7A312CA8} = {CD17F405-AE91-4140-A889-C89D56AAFAB0}
		{0C06166F-E1BF-43F6-AE84-1917BEE3519F} = {7FECC715-FDB9-4D3C-9656-3B6B7A312CA8}
		{3EAF828B-87B9-4229-8E6C-4B57A8A3E922} = {2A6E48E5-6BF6-4873-8720-3A3BA64A7F2D}
		{F1F99E5C-8210-4B37-B531-784B52A25834} = {724DA5B1-B026-4959-B557-23358ED8B0C4}
		{09B9234F-008F-4727-9F18-19D1287AD7D3} = {CD17F405-AE91-4140-A889-C89D56AAFAB0}
		{EDF76A49-9D60-48C9-9C5E-5BB88026A7A9} = {09B9234F-008F-4727-9F18-19D1287AD7D3}
		{6F18ADF9-A1AF-450F-B9AA-16E9BA7F8E7A} = {CD17F405-AE91-4140-A889-C89D56AAFAB0}
		{CEB92368-541C-4B3B-AE94-B7ABF1386588} = {6F18ADF9-A1AF-450F-B9AA-16E9BA7F8E7A}
		{1456B6DE-AE3E-48A4-BD4E-2DA44FFEB60D} = {CD17F405-AE91-4140-A889-C89D56AAFAB0}
		{828238E4-2F32-4A04-9C6B-646649532C91} = {1456B6DE-AE3E-48A4-BD4E-2DA44FFEB60D}
		{75EE1061-37B3-4ABB-A7EB-CD070D1FC6FA} = {CD17F405-AE91-4140-A889-C89D56AAFAB0}
		{92E8E965-6780-41F4-9AFD-D99E5893B36C} = {75EE1061-37B3-4ABB-A7EB-CD070D1FC6FA}
		{C3F80AF4-E036-47CE-A720-6B001AE4BBFA} = {75EE1061-37B3-4ABB-A7EB-CD070D1FC6FA}
		{206C0D7E-A852-4445-BA71-A46271BA190E} = {75EE1061-37B3-4ABB-A7EB-CD070D1FC6FA}
		{0BA478D8-DDC5-4E6C-B284-5D6E9D6E3E94} = {75EE1061-37B3-4ABB-A7EB-CD070D1FC6FA}
		{EF4A57F7-855A-4222-A7A9-14FCC4365C25} = {75EE1061-37B3-4ABB-A7EB-CD070D1FC6FA}
		{FED60762-EE41-407E-96A5-6A1B8D548BE9} = {CD17F405-AE91-4140-A889-C89D56AAFAB0}
		{ED76CBB4-0A50-43AE-B27F-186351230553} = {FED60762-EE41-407E-96A5-6A1B8D548BE9}
		{3BB14E6B-53B7-491E-904E-8C76C0388F97} = {79F758D1-E7A6-409E-AAF3-FACB1A71452B}
		{8E597D2D-72E7-4CA0-8C75-9D1572585884} = {7DDAFF92-5631-417D-9607-0A94FD8804DA}
	EndGlobalSection
	GlobalSection(ExtensibilityGlobals) = postSolution
		SolutionGuid = {7611A231-C3A7-47EC-BA99-17633C5C6D45}
	EndGlobalSection
EndGlobal
